// !$*UTF8*$!
{
	archiveVersion = 1;
	classes = {
	};
	objectVersion = 56;
	objects = {

/* Begin PBXBuildFile section */
		04B2680D2B31B0680096CB0C /* AppDelegate.swift in Sources */ = {isa = PBXBuildFile; fileRef = 04B2680C2B31B0680096CB0C /* AppDelegate.swift */; };
		04B2680F2B31B0680096CB0C /* SceneDelegate.swift in Sources */ = {isa = PBXBuildFile; fileRef = 04B2680E2B31B0680096CB0C /* SceneDelegate.swift */; };
		04B268162B31B0690096CB0C /* Assets.xcassets in Resources */ = {isa = PBXBuildFile; fileRef = 04B268152B31B0690096CB0C /* Assets.xcassets */; };
		04B268192B31B0690096CB0C /* LaunchScreen.storyboard in Resources */ = {isa = PBXBuildFile; fileRef = 04B268172B31B0690096CB0C /* LaunchScreen.storyboard */; };
		04B268242B31B0690096CB0C /* GithubTests.swift in Sources */ = {isa = PBXBuildFile; fileRef = 04B268232B31B0690096CB0C /* GithubTests.swift */; };
		04B2682E2B31B0690096CB0C /* GithubUITests.swift in Sources */ = {isa = PBXBuildFile; fileRef = 04B2682D2B31B0690096CB0C /* GithubUITests.swift */; };
		04B268302B31B0690096CB0C /* GithubUITestsLaunchTests.swift in Sources */ = {isa = PBXBuildFile; fileRef = 04B2682F2B31B0690096CB0C /* GithubUITestsLaunchTests.swift */; };
		04B2683D2B31B1030096CB0C /* SearchVC.swift in Sources */ = {isa = PBXBuildFile; fileRef = 04B2683C2B31B1030096CB0C /* SearchVC.swift */; };
		04B2683F2B31B1170096CB0C /* FavoritesListVC.swift in Sources */ = {isa = PBXBuildFile; fileRef = 04B2683E2B31B1170096CB0C /* FavoritesListVC.swift */; };
		04B268412B31B4DF0096CB0C /* GFButton.swift in Sources */ = {isa = PBXBuildFile; fileRef = 04B268402B31B4DF0096CB0C /* GFButton.swift */; };
		04B268432B31BADA0096CB0C /* GFTextField.swift in Sources */ = {isa = PBXBuildFile; fileRef = 04B268422B31BADA0096CB0C /* GFTextField.swift */; };
		04B2689D2B342F6F0096CB0C /* FollowerListVC.swift in Sources */ = {isa = PBXBuildFile; fileRef = 04B2689C2B342F6F0096CB0C /* FollowerListVC.swift */; };
/* End PBXBuildFile section */

/* Begin PBXContainerItemProxy section */
		04B268202B31B0690096CB0C /* PBXContainerItemProxy */ = {
			isa = PBXContainerItemProxy;
			containerPortal = 04B268012B31B0680096CB0C /* Project object */;
			proxyType = 1;
			remoteGlobalIDString = 04B268082B31B0680096CB0C;
			remoteInfo = Github;
		};
		04B2682A2B31B0690096CB0C /* PBXContainerItemProxy */ = {
			isa = PBXContainerItemProxy;
			containerPortal = 04B268012B31B0680096CB0C /* Project object */;
			proxyType = 1;
			remoteGlobalIDString = 04B268082B31B0680096CB0C;
			remoteInfo = Github;
		};
/* End PBXContainerItemProxy section */

/* Begin PBXFileReference section */
		04B268092B31B0680096CB0C /* Github.app */ = {isa = PBXFileReference; explicitFileType = wrapper.application; includeInIndex = 0; path = Github.app; sourceTree = BUILT_PRODUCTS_DIR; };
		04B2680C2B31B0680096CB0C /* AppDelegate.swift */ = {isa = PBXFileReference; lastKnownFileType = sourcecode.swift; path = AppDelegate.swift; sourceTree = "<group>"; };
		04B2680E2B31B0680096CB0C /* SceneDelegate.swift */ = {isa = PBXFileReference; lastKnownFileType = sourcecode.swift; path = SceneDelegate.swift; sourceTree = "<group>"; };
		04B268152B31B0690096CB0C /* Assets.xcassets */ = {isa = PBXFileReference; lastKnownFileType = folder.assetcatalog; path = Assets.xcassets; sourceTree = "<group>"; };
		04B268182B31B0690096CB0C /* Base */ = {isa = PBXFileReference; lastKnownFileType = file.storyboard; name = Base; path = Base.lproj/LaunchScreen.storyboard; sourceTree = "<group>"; };
		04B2681A2B31B0690096CB0C /* Info.plist */ = {isa = PBXFileReference; lastKnownFileType = text.plist.xml; path = Info.plist; sourceTree = "<group>"; };
		04B2681F2B31B0690096CB0C /* GithubTests.xctest */ = {isa = PBXFileReference; explicitFileType = wrapper.cfbundle; includeInIndex = 0; path = GithubTests.xctest; sourceTree = BUILT_PRODUCTS_DIR; };
		04B268232B31B0690096CB0C /* GithubTests.swift */ = {isa = PBXFileReference; lastKnownFileType = sourcecode.swift; path = GithubTests.swift; sourceTree = "<group>"; };
		04B268292B31B0690096CB0C /* GithubUITests.xctest */ = {isa = PBXFileReference; explicitFileType = wrapper.cfbundle; includeInIndex = 0; path = GithubUITests.xctest; sourceTree = BUILT_PRODUCTS_DIR; };
		04B2682D2B31B0690096CB0C /* GithubUITests.swift */ = {isa = PBXFileReference; lastKnownFileType = sourcecode.swift; path = GithubUITests.swift; sourceTree = "<group>"; };
		04B2682F2B31B0690096CB0C /* GithubUITestsLaunchTests.swift */ = {isa = PBXFileReference; lastKnownFileType = sourcecode.swift; path = GithubUITestsLaunchTests.swift; sourceTree = "<group>"; };
		04B2683C2B31B1030096CB0C /* SearchVC.swift */ = {isa = PBXFileReference; lastKnownFileType = sourcecode.swift; path = SearchVC.swift; sourceTree = "<group>"; };
		04B2683E2B31B1170096CB0C /* FavoritesListVC.swift */ = {isa = PBXFileReference; lastKnownFileType = sourcecode.swift; path = FavoritesListVC.swift; sourceTree = "<group>"; };
		04B268402B31B4DF0096CB0C /* GFButton.swift */ = {isa = PBXFileReference; lastKnownFileType = sourcecode.swift; path = GFButton.swift; sourceTree = "<group>"; };
		04B268422B31BADA0096CB0C /* GFTextField.swift */ = {isa = PBXFileReference; lastKnownFileType = sourcecode.swift; path = GFTextField.swift; sourceTree = "<group>"; };
		04B2689C2B342F6F0096CB0C /* FollowerListVC.swift */ = {isa = PBXFileReference; lastKnownFileType = sourcecode.swift; path = FollowerListVC.swift; sourceTree = "<group>"; };
/* End PBXFileReference section */

/* Begin PBXFrameworksBuildPhase section */
		04B268062B31B0680096CB0C /* Frameworks */ = {
			isa = PBXFrameworksBuildPhase;
			buildActionMask = 2147483647;
			files = (
			);
			runOnlyForDeploymentPostprocessing = 0;
		};
		04B2681C2B31B0690096CB0C /* Frameworks */ = {
			isa = PBXFrameworksBuildPhase;
			buildActionMask = 2147483647;
			files = (
			);
			runOnlyForDeploymentPostprocessing = 0;
		};
		04B268262B31B0690096CB0C /* Frameworks */ = {
			isa = PBXFrameworksBuildPhase;
			buildActionMask = 2147483647;
			files = (
			);
			runOnlyForDeploymentPostprocessing = 0;
		};
/* End PBXFrameworksBuildPhase section */

/* Begin PBXGroup section */
		04B268002B31B0680096CB0C = {
			isa = PBXGroup;
			children = (
				04B2680B2B31B0680096CB0C /* Github */,
				04B268222B31B0690096CB0C /* GithubTests */,
				04B2682C2B31B0690096CB0C /* GithubUITests */,
				04B2680A2B31B0680096CB0C /* Products */,
			);
			sourceTree = "<group>";
		};
		04B2680A2B31B0680096CB0C /* Products */ = {
			isa = PBXGroup;
			children = (
				04B268092B31B0680096CB0C /* Github.app */,
				04B2681F2B31B0690096CB0C /* GithubTests.xctest */,
				04B268292B31B0690096CB0C /* GithubUITests.xctest */,
			);
			name = Products;
			sourceTree = "<group>";
		};
		04B2680B2B31B0680096CB0C /* Github */ = {
			isa = PBXGroup;
			children = (
				04B2680C2B31B0680096CB0C /* AppDelegate.swift */,
				04B2680E2B31B0680096CB0C /* SceneDelegate.swift */,
				04B268152B31B0690096CB0C /* Assets.xcassets */,
				04B268172B31B0690096CB0C /* LaunchScreen.storyboard */,
				04B2681A2B31B0690096CB0C /* Info.plist */,
				04B2683C2B31B1030096CB0C /* SearchVC.swift */,
				04B2683E2B31B1170096CB0C /* FavoritesListVC.swift */,
				04B268402B31B4DF0096CB0C /* GFButton.swift */,
				04B268422B31BADA0096CB0C /* GFTextField.swift */,
				04B2689C2B342F6F0096CB0C /* FollowerListVC.swift */,
			);
			path = Github;
			sourceTree = "<group>";
		};
		04B268222B31B0690096CB0C /* GithubTests */ = {
			isa = PBXGroup;
			children = (
				04B268232B31B0690096CB0C /* GithubTests.swift */,
			);
			path = GithubTests;
			sourceTree = "<group>";
		};
		04B2682C2B31B0690096CB0C /* GithubUITests */ = {
			isa = PBXGroup;
			children = (
				04B2682D2B31B0690096CB0C /* GithubUITests.swift */,
				04B2682F2B31B0690096CB0C /* GithubUITestsLaunchTests.swift */,
			);
			path = GithubUITests;
			sourceTree = "<group>";
		};
/* End PBXGroup section */

/* Begin PBXNativeTarget section */
		04B268082B31B0680096CB0C /* Github */ = {
			isa = PBXNativeTarget;
			buildConfigurationList = 04B268332B31B0690096CB0C /* Build configuration list for PBXNativeTarget "Github" */;
			buildPhases = (
				04B268052B31B0680096CB0C /* Sources */,
				04B268062B31B0680096CB0C /* Frameworks */,
				04B268072B31B0680096CB0C /* Resources */,
			);
			buildRules = (
			);
			dependencies = (
			);
			name = Github;
			productName = Github;
			productReference = 04B268092B31B0680096CB0C /* Github.app */;
			productType = "com.apple.product-type.application";
		};
		04B2681E2B31B0690096CB0C /* GithubTests */ = {
			isa = PBXNativeTarget;
			buildConfigurationList = 04B268362B31B0690096CB0C /* Build configuration list for PBXNativeTarget "GithubTests" */;
			buildPhases = (
				04B2681B2B31B0690096CB0C /* Sources */,
				04B2681C2B31B0690096CB0C /* Frameworks */,
				04B2681D2B31B0690096CB0C /* Resources */,
			);
			buildRules = (
			);
			dependencies = (
				04B268212B31B0690096CB0C /* PBXTargetDependency */,
			);
			name = GithubTests;
			productName = GithubTests;
			productReference = 04B2681F2B31B0690096CB0C /* GithubTests.xctest */;
			productType = "com.apple.product-type.bundle.unit-test";
		};
		04B268282B31B0690096CB0C /* GithubUITests */ = {
			isa = PBXNativeTarget;
			buildConfigurationList = 04B268392B31B0690096CB0C /* Build configuration list for PBXNativeTarget "GithubUITests" */;
			buildPhases = (
				04B268252B31B0690096CB0C /* Sources */,
				04B268262B31B0690096CB0C /* Frameworks */,
				04B268272B31B0690096CB0C /* Resources */,
			);
			buildRules = (
			);
			dependencies = (
				04B2682B2B31B0690096CB0C /* PBXTargetDependency */,
			);
			name = GithubUITests;
			productName = GithubUITests;
			productReference = 04B268292B31B0690096CB0C /* GithubUITests.xctest */;
			productType = "com.apple.product-type.bundle.ui-testing";
		};
/* End PBXNativeTarget section */

/* Begin PBXProject section */
		04B268012B31B0680096CB0C /* Project object */ = {
			isa = PBXProject;
			attributes = {
				BuildIndependentTargetsInParallel = 1;
				LastSwiftUpdateCheck = 1430;
				LastUpgradeCheck = 1430;
				TargetAttributes = {
					04B268082B31B0680096CB0C = {
						CreatedOnToolsVersion = 14.3.1;
					};
					04B2681E2B31B0690096CB0C = {
						CreatedOnToolsVersion = 14.3.1;
						TestTargetID = 04B268082B31B0680096CB0C;
					};
					04B268282B31B0690096CB0C = {
						CreatedOnToolsVersion = 14.3.1;
						TestTargetID = 04B268082B31B0680096CB0C;
					};
				};
			};
			buildConfigurationList = 04B268042B31B0680096CB0C /* Build configuration list for PBXProject "Github" */;
			compatibilityVersion = "Xcode 14.0";
			developmentRegion = en;
			hasScannedForEncodings = 0;
			knownRegions = (
				en,
				Base,
			);
			mainGroup = 04B268002B31B0680096CB0C;
			productRefGroup = 04B2680A2B31B0680096CB0C /* Products */;
			projectDirPath = "";
			projectRoot = "";
			targets = (
				04B268082B31B0680096CB0C /* Github */,
				04B2681E2B31B0690096CB0C /* GithubTests */,
				04B268282B31B0690096CB0C /* GithubUITests */,
			);
		};
/* End PBXProject section */

/* Begin PBXResourcesBuildPhase section */
		04B268072B31B0680096CB0C /* Resources */ = {
			isa = PBXResourcesBuildPhase;
			buildActionMask = 2147483647;
			files = (
				04B268192B31B0690096CB0C /* LaunchScreen.storyboard in Resources */,
				04B268162B31B0690096CB0C /* Assets.xcassets in Resources */,
			);
			runOnlyForDeploymentPostprocessing = 0;
		};
		04B2681D2B31B0690096CB0C /* Resources */ = {
			isa = PBXResourcesBuildPhase;
			buildActionMask = 2147483647;
			files = (
			);
			runOnlyForDeploymentPostprocessing = 0;
		};
		04B268272B31B0690096CB0C /* Resources */ = {
			isa = PBXResourcesBuildPhase;
			buildActionMask = 2147483647;
			files = (
			);
			runOnlyForDeploymentPostprocessing = 0;
		};
/* End PBXResourcesBuildPhase section */

/* Begin PBXSourcesBuildPhase section */
		04B268052B31B0680096CB0C /* Sources */ = {
			isa = PBXSourcesBuildPhase;
			buildActionMask = 2147483647;
			files = (
				04B2683D2B31B1030096CB0C /* SearchVC.swift in Sources */,
				04B268412B31B4DF0096CB0C /* GFButton.swift in Sources */,
				04B2683F2B31B1170096CB0C /* FavoritesListVC.swift in Sources */,
				04B2680D2B31B0680096CB0C /* AppDelegate.swift in Sources */,
				04B2689D2B342F6F0096CB0C /* FollowerListVC.swift in Sources */,
				04B2680F2B31B0680096CB0C /* SceneDelegate.swift in Sources */,
				04B268432B31BADA0096CB0C /* GFTextField.swift in Sources */,
			);
			runOnlyForDeploymentPostprocessing = 0;
		};
		04B2681B2B31B0690096CB0C /* Sources */ = {
			isa = PBXSourcesBuildPhase;
			buildActionMask = 2147483647;
			files = (
				04B268242B31B0690096CB0C /* GithubTests.swift in Sources */,
			);
			runOnlyForDeploymentPostprocessing = 0;
		};
		04B268252B31B0690096CB0C /* Sources */ = {
			isa = PBXSourcesBuildPhase;
			buildActionMask = 2147483647;
			files = (
				04B2682E2B31B0690096CB0C /* GithubUITests.swift in Sources */,
				04B268302B31B0690096CB0C /* GithubUITestsLaunchTests.swift in Sources */,
			);
			runOnlyForDeploymentPostprocessing = 0;
		};
/* End PBXSourcesBuildPhase section */

/* Begin PBXTargetDependency section */
		04B268212B31B0690096CB0C /* PBXTargetDependency */ = {
			isa = PBXTargetDependency;
			target = 04B268082B31B0680096CB0C /* Github */;
			targetProxy = 04B268202B31B0690096CB0C /* PBXContainerItemProxy */;
		};
		04B2682B2B31B0690096CB0C /* PBXTargetDependency */ = {
			isa = PBXTargetDependency;
			target = 04B268082B31B0680096CB0C /* Github */;
			targetProxy = 04B2682A2B31B0690096CB0C /* PBXContainerItemProxy */;
		};
/* End PBXTargetDependency section */

/* Begin PBXVariantGroup section */
		04B268172B31B0690096CB0C /* LaunchScreen.storyboard */ = {
			isa = PBXVariantGroup;
			children = (
				04B268182B31B0690096CB0C /* Base */,
			);
			name = LaunchScreen.storyboard;
			sourceTree = "<group>";
		};
/* End PBXVariantGroup section */

/* Begin XCBuildConfiguration section */
		04B268312B31B0690096CB0C /* Debug */ = {
			isa = XCBuildConfiguration;
			buildSettings = {
				ALWAYS_SEARCH_USER_PATHS = NO;
				CLANG_ANALYZER_NONNULL = YES;
				CLANG_ANALYZER_NUMBER_OBJECT_CONVERSION = YES_AGGRESSIVE;
				CLANG_CXX_LANGUAGE_STANDARD = "gnu++20";
				CLANG_ENABLE_MODULES = YES;
				CLANG_ENABLE_OBJC_ARC = YES;
				CLANG_ENABLE_OBJC_WEAK = YES;
				CLANG_WARN_BLOCK_CAPTURE_AUTORELEASING = YES;
				CLANG_WARN_BOOL_CONVERSION = YES;
				CLANG_WARN_COMMA = YES;
				CLANG_WARN_CONSTANT_CONVERSION = YES;
				CLANG_WARN_DEPRECATED_OBJC_IMPLEMENTATIONS = YES;
				CLANG_WARN_DIRECT_OBJC_ISA_USAGE = YES_ERROR;
				CLANG_WARN_DOCUMENTATION_COMMENTS = YES;
				CLANG_WARN_EMPTY_BODY = YES;
				CLANG_WARN_ENUM_CONVERSION = YES;
				CLANG_WARN_INFINITE_RECURSION = YES;
				CLANG_WARN_INT_CONVERSION = YES;
				CLANG_WARN_NON_LITERAL_NULL_CONVERSION = YES;
				CLANG_WARN_OBJC_IMPLICIT_RETAIN_SELF = YES;
				CLANG_WARN_OBJC_LITERAL_CONVERSION = YES;
				CLANG_WARN_OBJC_ROOT_CLASS = YES_ERROR;
				CLANG_WARN_QUOTED_INCLUDE_IN_FRAMEWORK_HEADER = YES;
				CLANG_WARN_RANGE_LOOP_ANALYSIS = YES;
				CLANG_WARN_STRICT_PROTOTYPES = YES;
				CLANG_WARN_SUSPICIOUS_MOVE = YES;
				CLANG_WARN_UNGUARDED_AVAILABILITY = YES_AGGRESSIVE;
				CLANG_WARN_UNREACHABLE_CODE = YES;
				CLANG_WARN__DUPLICATE_METHOD_MATCH = YES;
				COPY_PHASE_STRIP = NO;
				DEBUG_INFORMATION_FORMAT = dwarf;
				ENABLE_STRICT_OBJC_MSGSEND = YES;
				ENABLE_TESTABILITY = YES;
				GCC_C_LANGUAGE_STANDARD = gnu11;
				GCC_DYNAMIC_NO_PIC = NO;
				GCC_NO_COMMON_BLOCKS = YES;
				GCC_OPTIMIZATION_LEVEL = 0;
				GCC_PREPROCESSOR_DEFINITIONS = (
					"DEBUG=1",
					"$(inherited)",
				);
				GCC_WARN_64_TO_32_BIT_CONVERSION = YES;
				GCC_WARN_ABOUT_RETURN_TYPE = YES_ERROR;
				GCC_WARN_UNDECLARED_SELECTOR = YES;
				GCC_WARN_UNINITIALIZED_AUTOS = YES_AGGRESSIVE;
				GCC_WARN_UNUSED_FUNCTION = YES;
				GCC_WARN_UNUSED_VARIABLE = YES;
				IPHONEOS_DEPLOYMENT_TARGET = 16.4;
				MTL_ENABLE_DEBUG_INFO = INCLUDE_SOURCE;
				MTL_FAST_MATH = YES;
				ONLY_ACTIVE_ARCH = YES;
				SDKROOT = iphoneos;
				SWIFT_ACTIVE_COMPILATION_CONDITIONS = DEBUG;
				SWIFT_OPTIMIZATION_LEVEL = "-Onone";
			};
			name = Debug;
		};
		04B268322B31B0690096CB0C /* Release */ = {
			isa = XCBuildConfiguration;
			buildSettings = {
				ALWAYS_SEARCH_USER_PATHS = NO;
				CLANG_ANALYZER_NONNULL = YES;
				CLANG_ANALYZER_NUMBER_OBJECT_CONVERSION = YES_AGGRESSIVE;
				CLANG_CXX_LANGUAGE_STANDARD = "gnu++20";
				CLANG_ENABLE_MODULES = YES;
				CLANG_ENABLE_OBJC_ARC = YES;
				CLANG_ENABLE_OBJC_WEAK = YES;
				CLANG_WARN_BLOCK_CAPTURE_AUTORELEASING = YES;
				CLANG_WARN_BOOL_CONVERSION = YES;
				CLANG_WARN_COMMA = YES;
				CLANG_WARN_CONSTANT_CONVERSION = YES;
				CLANG_WARN_DEPRECATED_OBJC_IMPLEMENTATIONS = YES;
				CLANG_WARN_DIRECT_OBJC_ISA_USAGE = YES_ERROR;
				CLANG_WARN_DOCUMENTATION_COMMENTS = YES;
				CLANG_WARN_EMPTY_BODY = YES;
				CLANG_WARN_ENUM_CONVERSION = YES;
				CLANG_WARN_INFINITE_RECURSION = YES;
				CLANG_WARN_INT_CONVERSION = YES;
				CLANG_WARN_NON_LITERAL_NULL_CONVERSION = YES;
				CLANG_WARN_OBJC_IMPLICIT_RETAIN_SELF = YES;
				CLANG_WARN_OBJC_LITERAL_CONVERSION = YES;
				CLANG_WARN_OBJC_ROOT_CLASS = YES_ERROR;
				CLANG_WARN_QUOTED_INCLUDE_IN_FRAMEWORK_HEADER = YES;
				CLANG_WARN_RANGE_LOOP_ANALYSIS = YES;
				CLANG_WARN_STRICT_PROTOTYPES = YES;
				CLANG_WARN_SUSPICIOUS_MOVE = YES;
				CLANG_WARN_UNGUARDED_AVAILABILITY = YES_AGGRESSIVE;
				CLANG_WARN_UNREACHABLE_CODE = YES;
				CLANG_WARN__DUPLICATE_METHOD_MATCH = YES;
				COPY_PHASE_STRIP = NO;
				DEBUG_INFORMATION_FORMAT = "dwarf-with-dsym";
				ENABLE_NS_ASSERTIONS = NO;
				ENABLE_STRICT_OBJC_MSGSEND = YES;
				GCC_C_LANGUAGE_STANDARD = gnu11;
				GCC_NO_COMMON_BLOCKS = YES;
				GCC_WARN_64_TO_32_BIT_CONVERSION = YES;
				GCC_WARN_ABOUT_RETURN_TYPE = YES_ERROR;
				GCC_WARN_UNDECLARED_SELECTOR = YES;
				GCC_WARN_UNINITIALIZED_AUTOS = YES_AGGRESSIVE;
				GCC_WARN_UNUSED_FUNCTION = YES;
				GCC_WARN_UNUSED_VARIABLE = YES;
				IPHONEOS_DEPLOYMENT_TARGET = 16.4;
				MTL_ENABLE_DEBUG_INFO = NO;
				MTL_FAST_MATH = YES;
				SDKROOT = iphoneos;
				SWIFT_COMPILATION_MODE = wholemodule;
				SWIFT_OPTIMIZATION_LEVEL = "-O";
				VALIDATE_PRODUCT = YES;
			};
			name = Release;
		};
		04B268342B31B0690096CB0C /* Debug */ = {
			isa = XCBuildConfiguration;
			buildSettings = {
				ASSETCATALOG_COMPILER_APPICON_NAME = AppIcon;
				ASSETCATALOG_COMPILER_GLOBAL_ACCENT_COLOR_NAME = AccentColor;
				CODE_SIGN_STYLE = Automatic;
				CURRENT_PROJECT_VERSION = 1;
				DEVELOPMENT_TEAM = PM64LP239P;
				GENERATE_INFOPLIST_FILE = YES;
				INFOPLIST_FILE = Github/Info.plist;
				INFOPLIST_KEY_UIApplicationSupportsIndirectInputEvents = YES;
				INFOPLIST_KEY_UILaunchStoryboardName = LaunchScreen;
				INFOPLIST_KEY_UISupportedInterfaceOrientations = UIInterfaceOrientationPortrait;
				INFOPLIST_KEY_UISupportedInterfaceOrientations_iPad = "UIInterfaceOrientationLandscapeLeft UIInterfaceOrientationLandscapeRight UIInterfaceOrientationPortrait UIInterfaceOrientationPortraitUpsideDown";
				LD_RUNPATH_SEARCH_PATHS = (
					"$(inherited)",
					"@executable_path/Frameworks",
				);
				MARKETING_VERSION = 1.0;
				PRODUCT_BUNDLE_IDENTIFIER = com.furkanvural.Github;
				PRODUCT_NAME = "$(TARGET_NAME)";
				SUPPORTED_PLATFORMS = "iphoneos iphonesimulator";
				SUPPORTS_MACCATALYST = NO;
				SUPPORTS_MAC_DESIGNED_FOR_IPHONE_IPAD = NO;
				SWIFT_EMIT_LOC_STRINGS = YES;
				SWIFT_VERSION = 5.0;
				TARGETED_DEVICE_FAMILY = 1;
			};
			name = Debug;
		};
		04B268352B31B0690096CB0C /* Release */ = {
			isa = XCBuildConfiguration;
			buildSettings = {
				ASSETCATALOG_COMPILER_APPICON_NAME = AppIcon;
				ASSETCATALOG_COMPILER_GLOBAL_ACCENT_COLOR_NAME = AccentColor;
				CODE_SIGN_STYLE = Automatic;
				CURRENT_PROJECT_VERSION = 1;
				DEVELOPMENT_TEAM = PM64LP239P;
				GENERATE_INFOPLIST_FILE = YES;
				INFOPLIST_FILE = Github/Info.plist;
				INFOPLIST_KEY_UIApplicationSupportsIndirectInputEvents = YES;
				INFOPLIST_KEY_UILaunchStoryboardName = LaunchScreen;
				INFOPLIST_KEY_UISupportedInterfaceOrientations = UIInterfaceOrientationPortrait;
				INFOPLIST_KEY_UISupportedInterfaceOrientations_iPad = "UIInterfaceOrientationLandscapeLeft UIInterfaceOrientationLandscapeRight UIInterfaceOrientationPortrait UIInterfaceOrientationPortraitUpsideDown";
				LD_RUNPATH_SEARCH_PATHS = (
					"$(inherited)",
					"@executable_path/Frameworks",
				);
				MARKETING_VERSION = 1.0;
				PRODUCT_BUNDLE_IDENTIFIER = com.furkanvural.Github;
				PRODUCT_NAME = "$(TARGET_NAME)";
				SUPPORTED_PLATFORMS = "iphoneos iphonesimulator";
				SUPPORTS_MACCATALYST = NO;
				SUPPORTS_MAC_DESIGNED_FOR_IPHONE_IPAD = NO;
				SWIFT_EMIT_LOC_STRINGS = YES;
				SWIFT_VERSION = 5.0;
				TARGETED_DEVICE_FAMILY = 1;
			};
			name = Release;
		};
		04B268372B31B0690096CB0C /* Debug */ = {
			isa = XCBuildConfiguration;
			buildSettings = {
				ALWAYS_EMBED_SWIFT_STANDARD_LIBRARIES = YES;
				BUNDLE_LOADER = "$(TEST_HOST)";
				CODE_SIGN_STYLE = Automatic;
				CURRENT_PROJECT_VERSION = 1;
				DEVELOPMENT_TEAM = PM64LP239P;
				GENERATE_INFOPLIST_FILE = YES;
				IPHONEOS_DEPLOYMENT_TARGET = 16.4;
				MARKETING_VERSION = 1.0;
				PRODUCT_BUNDLE_IDENTIFIER = com.furkanvural.GithubTests;
				PRODUCT_NAME = "$(TARGET_NAME)";
				SWIFT_EMIT_LOC_STRINGS = NO;
				SWIFT_VERSION = 5.0;
				TARGETED_DEVICE_FAMILY = "1,2";
				TEST_HOST = "$(BUILT_PRODUCTS_DIR)/Github.app/$(BUNDLE_EXECUTABLE_FOLDER_PATH)/Github";
			};
			name = Debug;
		};
		04B268382B31B0690096CB0C /* Release */ = {
			isa = XCBuildConfiguration;
			buildSettings = {
				ALWAYS_EMBED_SWIFT_STANDARD_LIBRARIES = YES;
				BUNDLE_LOADER = "$(TEST_HOST)";
				CODE_SIGN_STYLE = Automatic;
				CURRENT_PROJECT_VERSION = 1;
				DEVELOPMENT_TEAM = PM64LP239P;
				GENERATE_INFOPLIST_FILE = YES;
				IPHONEOS_DEPLOYMENT_TARGET = 16.4;
				MARKETING_VERSION = 1.0;
				PRODUCT_BUNDLE_IDENTIFIER = com.furkanvural.GithubTests;
				PRODUCT_NAME = "$(TARGET_NAME)";
				SWIFT_EMIT_LOC_STRINGS = NO;
				SWIFT_VERSION = 5.0;
				TARGETED_DEVICE_FAMILY = "1,2";
				TEST_HOST = "$(BUILT_PRODUCTS_DIR)/Github.app/$(BUNDLE_EXECUTABLE_FOLDER_PATH)/Github";
			};
			name = Release;
		};
		04B2683A2B31B0690096CB0C /* Debug */ = {
			isa = XCBuildConfiguration;
			buildSettings = {
				ALWAYS_EMBED_SWIFT_STANDARD_LIBRARIES = YES;
				CODE_SIGN_STYLE = Automatic;
				CURRENT_PROJECT_VERSION = 1;
				DEVELOPMENT_TEAM = PM64LP239P;
				GENERATE_INFOPLIST_FILE = YES;
				MARKETING_VERSION = 1.0;
				PRODUCT_BUNDLE_IDENTIFIER = com.furkanvural.GithubUITests;
				PRODUCT_NAME = "$(TARGET_NAME)";
				SWIFT_EMIT_LOC_STRINGS = NO;
				SWIFT_VERSION = 5.0;
				TARGETED_DEVICE_FAMILY = "1,2";
				TEST_TARGET_NAME = Github;
			};
			name = Debug;
		};
		04B2683B2B31B0690096CB0C /* Release */ = {
			isa = XCBuildConfiguration;
			buildSettings = {
				ALWAYS_EMBED_SWIFT_STANDARD_LIBRARIES = YES;
				CODE_SIGN_STYLE = Automatic;
				CURRENT_PROJECT_VERSION = 1;
				DEVELOPMENT_TEAM = PM64LP239P;
				GENERATE_INFOPLIST_FILE = YES;
				MARKETING_VERSION = 1.0;
				PRODUCT_BUNDLE_IDENTIFIER = com.furkanvural.GithubUITests;
				PRODUCT_NAME = "$(TARGET_NAME)";
				SWIFT_EMIT_LOC_STRINGS = NO;
				SWIFT_VERSION = 5.0;
				TARGETED_DEVICE_FAMILY = "1,2";
				TEST_TARGET_NAME = Github;
			};
			name = Release;
		};
/* End XCBuildConfiguration section */

/* Begin XCConfigurationList section */
		04B268042B31B0680096CB0C /* Build configuration list for PBXProject "Github" */ = {
			isa = XCConfigurationList;
			buildConfigurations = (
				04B268312B31B0690096CB0C /* Debug */,
				04B268322B31B0690096CB0C /* Release */,
			);
			defaultConfigurationIsVisible = 0;
			defaultConfigurationName = Release;
		};
		04B268332B31B0690096CB0C /* Build configuration list for PBXNativeTarget "Github" */ = {
			isa = XCConfigurationList;
			buildConfigurations = (
				04B268342B31B0690096CB0C /* Debug */,
				04B268352B31B0690096CB0C /* Release */,
			);
			defaultConfigurationIsVisible = 0;
			defaultConfigurationName = Release;
		};
		04B268362B31B0690096CB0C /* Build configuration list for PBXNativeTarget "GithubTests" */ = {
			isa = XCConfigurationList;
			buildConfigurations = (
				04B268372B31B0690096CB0C /* Debug */,
				04B268382B31B0690096CB0C /* Release */,
			);
			defaultConfigurationIsVisible = 0;
			defaultConfigurationName = Release;
		};
		04B268392B31B0690096CB0C /* Build configuration list for PBXNativeTarget "GithubUITests" */ = {
			isa = XCConfigurationList;
			buildConfigurations = (
				04B2683A2B31B0690096CB0C /* Debug */,
				04B2683B2B31B0690096CB0C /* Release */,
			);
			defaultConfigurationIsVisible = 0;
			defaultConfigurationName = Release;
		};
/* End XCConfigurationList section */
	};
	rootObject = 04B268012B31B0680096CB0C /* Project object */;
}
